// !$*UTF8*$!
{
	archiveVersion = 1;
	classes = {
	};
	objectVersion = 77;
	objects = {

/* Begin PBXContainerItemProxy section */
		6DDE13A82CB84D5D005F491C /* PBXContainerItemProxy */ = {
			isa = PBXContainerItemProxy;
			containerPortal = 6DDE13892CB84D5B005F491C /* Project object */;
			proxyType = 1;
			remoteGlobalIDString = 6DDE13902CB84D5B005F491C;
			remoteInfo = eMobileiOS;
		};
		6DDE13B22CB84D5D005F491C /* PBXContainerItemProxy */ = {
			isa = PBXContainerItemProxy;
			containerPortal = 6DDE13892CB84D5B005F491C /* Project object */;
			proxyType = 1;
			remoteGlobalIDString = 6DDE13902CB84D5B005F491C;
			remoteInfo = eMobileiOS;
		};
/* End PBXContainerItemProxy section */

/* Begin PBXFileReference section */
		6DDE13912CB84D5B005F491C /* eMobileiOS.app */ = {isa = PBXFileReference; explicitFileType = wrapper.application; includeInIndex = 0; path = eMobileiOS.app; sourceTree = BUILT_PRODUCTS_DIR; };
		6DDE13A72CB84D5D005F491C /* eMobileiOSTests.xctest */ = {isa = PBXFileReference; explicitFileType = wrapper.cfbundle; includeInIndex = 0; path = eMobileiOSTests.xctest; sourceTree = BUILT_PRODUCTS_DIR; };
		6DDE13B12CB84D5D005F491C /* eMobileiOSUITests.xctest */ = {isa = PBXFileReference; explicitFileType = wrapper.cfbundle; includeInIndex = 0; path = eMobileiOSUITests.xctest; sourceTree = BUILT_PRODUCTS_DIR; };
/* End PBXFileReference section */

/* Begin PBXFileSystemSynchronizedBuildFileExceptionSet section */
		6DDE13B92CB84D5D005F491C /* Exceptions for "eMobileiOS" folder in "eMobileiOS" target */ = {
			isa = PBXFileSystemSynchronizedBuildFileExceptionSet;
			membershipExceptions = (
				Info.plist,
			);
			target = 6DDE13902CB84D5B005F491C /* eMobileiOS */;
		};
/* End PBXFileSystemSynchronizedBuildFileExceptionSet section */

/* Begin PBXFileSystemSynchronizedRootGroup section */
		6DDE13932CB84D5B005F491C /* eMobileiOS */ = {
			isa = PBXFileSystemSynchronizedRootGroup;
			exceptions = (
				6DDE13B92CB84D5D005F491C /* Exceptions for "eMobileiOS" folder in "eMobileiOS" target */,
			);
			path = eMobileiOS;
			sourceTree = "<group>";
		};
		6DDE13AA2CB84D5D005F491C /* eMobileiOSTests */ = {
			isa = PBXFileSystemSynchronizedRootGroup;
			path = eMobileiOSTests;
			sourceTree = "<group>";
		};
		6DDE13B42CB84D5D005F491C /* eMobileiOSUITests */ = {
			isa = PBXFileSystemSynchronizedRootGroup;
			path = eMobileiOSUITests;
			sourceTree = "<group>";
		};
/* End PBXFileSystemSynchronizedRootGroup section */

/* Begin PBXFrameworksBuildPhase section */
		6DDE138E2CB84D5B005F491C /* Frameworks */ = {
			isa = PBXFrameworksBuildPhase;
			buildActionMask = 2147483647;
			files = (
			);
			runOnlyForDeploymentPostprocessing = 0;
		};
		6DDE13A42CB84D5D005F491C /* Frameworks */ = {
			isa = PBXFrameworksBuildPhase;
			buildActionMask = 2147483647;
			files = (
			);
			runOnlyForDeploymentPostprocessing = 0;
		};
		6DDE13AE2CB84D5D005F491C /* Frameworks */ = {
			isa = PBXFrameworksBuildPhase;
			buildActionMask = 2147483647;
			files = (
			);
			runOnlyForDeploymentPostprocessing = 0;
		};
/* End PBXFrameworksBuildPhase section */

/* Begin PBXGroup section */
		6DDE13882CB84D5B005F491C = {
			isa = PBXGroup;
			children = (
				6DDE13932CB84D5B005F491C /* eMobileiOS */,
				6DDE13AA2CB84D5D005F491C /* eMobileiOSTests */,
				6DDE13B42CB84D5D005F491C /* eMobileiOSUITests */,
				6DDE13922CB84D5B005F491C /* Products */,
			);
			sourceTree = "<group>";
		};
		6DDE13922CB84D5B005F491C /* Products */ = {
			isa = PBXGroup;
			children = (
				6DDE13912CB84D5B005F491C /* eMobileiOS.app */,
				6DDE13A72CB84D5D005F491C /* eMobileiOSTests.xctest */,
				6DDE13B12CB84D5D005F491C /* eMobileiOSUITests.xctest */,
			);
			name = Products;
			sourceTree = "<group>";
		};
/* End PBXGroup section */

/* Begin PBXNativeTarget section */
		6DDE13902CB84D5B005F491C /* eMobileiOS */ = {
			isa = PBXNativeTarget;
			buildConfigurationList = 6DDE13BA2CB84D5D005F491C /* Build configuration list for PBXNativeTarget "eMobileiOS" */;
			buildPhases = (
				6DDE138D2CB84D5B005F491C /* Sources */,
				6DDE138E2CB84D5B005F491C /* Frameworks */,
				6DDE138F2CB84D5B005F491C /* Resources */,
			);
			buildRules = (
			);
			dependencies = (
			);
			fileSystemSynchronizedGroups = (
				6DDE13932CB84D5B005F491C /* eMobileiOS */,
			);
			name = eMobileiOS;
			packageProductDependencies = (
			);
			productName = eMobileiOS;
			productReference = 6DDE13912CB84D5B005F491C /* eMobileiOS.app */;
			productType = "com.apple.product-type.application";
		};
		6DDE13A62CB84D5D005F491C /* eMobileiOSTests */ = {
			isa = PBXNativeTarget;
			buildConfigurationList = 6DDE13BF2CB84D5D005F491C /* Build configuration list for PBXNativeTarget "eMobileiOSTests" */;
			buildPhases = (
				6DDE13A32CB84D5D005F491C /* Sources */,
				6DDE13A42CB84D5D005F491C /* Frameworks */,
				6DDE13A52CB84D5D005F491C /* Resources */,
			);
			buildRules = (
			);
			dependencies = (
				6DDE13A92CB84D5D005F491C /* PBXTargetDependency */,
			);
			fileSystemSynchronizedGroups = (
				6DDE13AA2CB84D5D005F491C /* eMobileiOSTests */,
			);
			name = eMobileiOSTests;
			packageProductDependencies = (
			);
			productName = eMobileiOSTests;
			productReference = 6DDE13A72CB84D5D005F491C /* eMobileiOSTests.xctest */;
			productType = "com.apple.product-type.bundle.unit-test";
		};
		6DDE13B02CB84D5D005F491C /* eMobileiOSUITests */ = {
			isa = PBXNativeTarget;
			buildConfigurationList = 6DDE13C22CB84D5D005F491C /* Build configuration list for PBXNativeTarget "eMobileiOSUITests" */;
			buildPhases = (
				6DDE13AD2CB84D5D005F491C /* Sources */,
				6DDE13AE2CB84D5D005F491C /* Frameworks */,
				6DDE13AF2CB84D5D005F491C /* Resources */,
			);
			buildRules = (
			);
			dependencies = (
				6DDE13B32CB84D5D005F491C /* PBXTargetDependency */,
			);
			fileSystemSynchronizedGroups = (
				6DDE13B42CB84D5D005F491C /* eMobileiOSUITests */,
			);
			name = eMobileiOSUITests;
			packageProductDependencies = (
			);
			productName = eMobileiOSUITests;
			productReference = 6DDE13B12CB84D5D005F491C /* eMobileiOSUITests.xctest */;
			productType = "com.apple.product-type.bundle.ui-testing";
		};
/* End PBXNativeTarget section */

/* Begin PBXProject section */
		6DDE13892CB84D5B005F491C /* Project object */ = {
			isa = PBXProject;
			attributes = {
				BuildIndependentTargetsInParallel = 1;
				LastSwiftUpdateCheck = 1600;
				LastUpgradeCheck = 1600;
				TargetAttributes = {
					6DDE13902CB84D5B005F491C = {
						CreatedOnToolsVersion = 16.0;
					};
					6DDE13A62CB84D5D005F491C = {
						CreatedOnToolsVersion = 16.0;
						TestTargetID = 6DDE13902CB84D5B005F491C;
					};
					6DDE13B02CB84D5D005F491C = {
						CreatedOnToolsVersion = 16.0;
						TestTargetID = 6DDE13902CB84D5B005F491C;
					};
				};
			};
			buildConfigurationList = 6DDE138C2CB84D5B005F491C /* Build configuration list for PBXProject "eMobileiOS" */;
			developmentRegion = en;
			hasScannedForEncodings = 0;
			knownRegions = (
				en,
				Base,
			);
			mainGroup = 6DDE13882CB84D5B005F491C;
			minimizedProjectReferenceProxies = 1;
			preferredProjectObjectVersion = 77;
			productRefGroup = 6DDE13922CB84D5B005F491C /* Products */;
			projectDirPath = "";
			projectRoot = "";
			targets = (
				6DDE13902CB84D5B005F491C /* eMobileiOS */,
				6DDE13A62CB84D5D005F491C /* eMobileiOSTests */,
				6DDE13B02CB84D5D005F491C /* eMobileiOSUITests */,
			);
		};
/* End PBXProject section */

/* Begin PBXResourcesBuildPhase section */
		6DDE138F2CB84D5B005F491C /* Resources */ = {
			isa = PBXResourcesBuildPhase;
			buildActionMask = 2147483647;
			files = (
			);
			runOnlyForDeploymentPostprocessing = 0;
		};
		6DDE13A52CB84D5D005F491C /* Resources */ = {
			isa = PBXResourcesBuildPhase;
			buildActionMask = 2147483647;
			files = (
			);
			runOnlyForDeploymentPostprocessing = 0;
		};
		6DDE13AF2CB84D5D005F491C /* Resources */ = {
			isa = PBXResourcesBuildPhase;
			buildActionMask = 2147483647;
			files = (
			);
			runOnlyForDeploymentPostprocessing = 0;
		};
/* End PBXResourcesBuildPhase section */

/* Begin PBXSourcesBuildPhase section */
		6DDE138D2CB84D5B005F491C /* Sources */ = {
			isa = PBXSourcesBuildPhase;
			buildActionMask = 2147483647;
			files = (
			);
			runOnlyForDeploymentPostprocessing = 0;
		};
		6DDE13A32CB84D5D005F491C /* Sources */ = {
			isa = PBXSourcesBuildPhase;
			buildActionMask = 2147483647;
			files = (
			);
			runOnlyForDeploymentPostprocessing = 0;
		};
		6DDE13AD2CB84D5D005F491C /* Sources */ = {
			isa = PBXSourcesBuildPhase;
			buildActionMask = 2147483647;
			files = (
			);
			runOnlyForDeploymentPostprocessing = 0;
		};
/* End PBXSourcesBuildPhase section */

/* Begin PBXTargetDependency section */
		6DDE13A92CB84D5D005F491C /* PBXTargetDependency */ = {
			isa = PBXTargetDependency;
			target = 6DDE13902CB84D5B005F491C /* eMobileiOS */;
			targetProxy = 6DDE13A82CB84D5D005F491C /* PBXContainerItemProxy */;
		};
		6DDE13B32CB84D5D005F491C /* PBXTargetDependency */ = {
			isa = PBXTargetDependency;
			target = 6DDE13902CB84D5B005F491C /* eMobileiOS */;
			targetProxy = 6DDE13B22CB84D5D005F491C /* PBXContainerItemProxy */;
		};
/* End PBXTargetDependency section */

/* Begin XCBuildConfiguration section */
		6DDE13BB2CB84D5D005F491C /* Debug */ = {
			isa = XCBuildConfiguration;
			buildSettings = {
				ASSETCATALOG_COMPILER_APPICON_NAME = AppIcon;
				ASSETCATALOG_COMPILER_GLOBAL_ACCENT_COLOR_NAME = AccentColor;
				CODE_SIGN_STYLE = Automatic;
				CURRENT_PROJECT_VERSION = 1;
				DEVELOPMENT_TEAM = PF2L3XS4YA;
				GENERATE_INFOPLIST_FILE = YES;
				INFOPLIST_FILE = eMobileiOS/Info.plist;
				INFOPLIST_KEY_UIApplicationSupportsIndirectInputEvents = YES;
				INFOPLIST_KEY_UILaunchStoryboardName = LaunchScreen;
				INFOPLIST_KEY_UIMainStoryboardFile = Main;
				INFOPLIST_KEY_UISupportedInterfaceOrientations_iPad = "UIInterfaceOrientationPortrait UIInterfaceOrientationPortraitUpsideDown UIInterfaceOrientationLandscapeLeft UIInterfaceOrientationLandscapeRight";
				INFOPLIST_KEY_UISupportedInterfaceOrientations_iPhone = "UIInterfaceOrientationPortrait UIInterfaceOrientationLandscapeLeft UIInterfaceOrientationLandscapeRight";
				LD_RUNPATH_SEARCH_PATHS = (
					"$(inherited)",
					"@executable_path/Frameworks",
				);
				MARKETING_VERSION = 1.0;
				PRODUCT_BUNDLE_IDENTIFIER = cz.emistr.eMobileiOS;
				PRODUCT_NAME = "$(TARGET_NAME)";
				SWIFT_EMIT_LOC_STRINGS = YES;
				SWIFT_VERSION = 5.0;
				TARGETED_DEVICE_FAMILY = "1,2";
			};
			name = Debug;
		};
		6DDE13BC2CB84D5D005F491C /* Release */ = {
			isa = XCBuildConfiguration;
			buildSettings = {
				ASSETCATALOG_COMPILER_APPICON_NAME = AppIcon;
				ASSETCATALOG_COMPILER_GLOBAL_ACCENT_COLOR_NAME = AccentColor;
				CODE_SIGN_STYLE = Automatic;
				CURRENT_PROJECT_VERSION = 1;
				DEVELOPMENT_TEAM = PF2L3XS4YA;
				GENERATE_INFOPLIST_FILE = YES;
				INFOPLIST_FILE = eMobileiOS/Info.plist;
				INFOPLIST_KEY_UIApplicationSupportsIndirectInputEvents = YES;
				INFOPLIST_KEY_UILaunchStoryboardName = LaunchScreen;
				INFOPLIST_KEY_UIMainStoryboardFile = Main;
				INFOPLIST_KEY_UISupportedInterfaceOrientations_iPad = "UIInterfaceOrientationPortrait UIInterfaceOrientationPortraitUpsideDown UIInterfaceOrientationLandscapeLeft UIInterfaceOrientationLandscapeRight";
				INFOPLIST_KEY_UISupportedInterfaceOrientations_iPhone = "UIInterfaceOrientationPortrait UIInterfaceOrientationLandscapeLeft UIInterfaceOrientationLandscapeRight";
				LD_RUNPATH_SEARCH_PATHS = (
					"$(inherited)",
					"@executable_path/Frameworks",
				);
				MARKETING_VERSION = 1.0;
				PRODUCT_BUNDLE_IDENTIFIER = cz.emistr.eMobileiOS;
				PRODUCT_NAME = "$(TARGET_NAME)";
				SWIFT_EMIT_LOC_STRINGS = YES;
				SWIFT_VERSION = 5.0;
				TARGETED_DEVICE_FAMILY = "1,2";
			};
			name = Release;
		};
		6DDE13BD2CB84D5D005F491C /* Debug */ = {
			isa = XCBuildConfiguration;
			buildSettings = {
				ALWAYS_SEARCH_USER_PATHS = NO;
				ASSETCATALOG_COMPILER_GENERATE_SWIFT_ASSET_SYMBOL_EXTENSIONS = YES;
				CLANG_ANALYZER_NONNULL = YES;
				CLANG_ANALYZER_NUMBER_OBJECT_CONVERSION = YES_AGGRESSIVE;
				CLANG_CXX_LANGUAGE_STANDARD = "gnu++20";
				CLANG_ENABLE_MODULES = YES;
				CLANG_ENABLE_OBJC_ARC = YES;
				CLANG_ENABLE_OBJC_WEAK = YES;
				CLANG_WARN_BLOCK_CAPTURE_AUTORELEASING = YES;
				CLANG_WARN_BOOL_CONVERSION = YES;
				CLANG_WARN_COMMA = YES;
				CLANG_WARN_CONSTANT_CONVERSION = YES;
				CLANG_WARN_DEPRECATED_OBJC_IMPLEMENTATIONS = YES;
				CLANG_WARN_DIRECT_OBJC_ISA_USAGE = YES_ERROR;
				CLANG_WARN_DOCUMENTATION_COMMENTS = YES;
				CLANG_WARN_EMPTY_BODY = YES;
				CLANG_WARN_ENUM_CONVERSION = YES;
				CLANG_WARN_INFINITE_RECURSION = YES;
				CLANG_WARN_INT_CONVERSION = YES;
				CLANG_WARN_NON_LITERAL_NULL_CONVERSION = YES;
				CLANG_WARN_OBJC_IMPLICIT_RETAIN_SELF = YES;
				CLANG_WARN_OBJC_LITERAL_CONVERSION = YES;
				CLANG_WARN_OBJC_ROOT_CLASS = YES_ERROR;
				CLANG_WARN_QUOTED_INCLUDE_IN_FRAMEWORK_HEADER = YES;
				CLANG_WARN_RANGE_LOOP_ANALYSIS = YES;
				CLANG_WARN_STRICT_PROTOTYPES = YES;
				CLANG_WARN_SUSPICIOUS_MOVE = YES;
				CLANG_WARN_UNGUARDED_AVAILABILITY = YES_AGGRESSIVE;
				CLANG_WARN_UNREACHABLE_CODE = YES;
				CLANG_WARN__DUPLICATE_METHOD_MATCH = YES;
				COPY_PHASE_STRIP = NO;
				DEBUG_INFORMATION_FORMAT = dwarf;
				ENABLE_STRICT_OBJC_MSGSEND = YES;
				ENABLE_TESTABILITY = YES;
				ENABLE_USER_SCRIPT_SANDBOXING = YES;
				GCC_C_LANGUAGE_STANDARD = gnu17;
				GCC_DYNAMIC_NO_PIC = NO;
				GCC_NO_COMMON_BLOCKS = YES;
				GCC_OPTIMIZATION_LEVEL = 0;
				GCC_PREPROCESSOR_DEFINITIONS = (
					"DEBUG=1",
					"$(inherited)",
				);
				GCC_WARN_64_TO_32_BIT_CONVERSION = YES;
				GCC_WARN_ABOUT_RETURN_TYPE = YES_ERROR;
				GCC_WARN_UNDECLARED_SELECTOR = YES;
				GCC_WARN_UNINITIALIZED_AUTOS = YES_AGGRESSIVE;
				GCC_WARN_UNUSED_FUNCTION = YES;
				GCC_WARN_UNUSED_VARIABLE = YES;
				IPHONEOS_DEPLOYMENT_TARGET = 18.0;
				LOCALIZATION_PREFERS_STRING_CATALOGS = YES;
				MTL_ENABLE_DEBUG_INFO = INCLUDE_SOURCE;
				MTL_FAST_MATH = YES;
				ONLY_ACTIVE_ARCH = YES;
				SDKROOT = iphoneos;
				SWIFT_ACTIVE_COMPILATION_CONDITIONS = "DEBUG $(inherited)";
				SWIFT_OPTIMIZATION_LEVEL = "-Onone";
			};
			name = Debug;
		};
		6DDE13BE2CB84D5D005F491C /* Release */ = {
			isa = XCBuildConfiguration;
			buildSettings = {
				ALWAYS_SEARCH_USER_PATHS = NO;
				ASSETCATALOG_COMPILER_GENERATE_SWIFT_ASSET_SYMBOL_EXTENSIONS = YES;
				CLANG_ANALYZER_NONNULL = YES;
				CLANG_ANALYZER_NUMBER_OBJECT_CONVERSION = YES_AGGRESSIVE;
				CLANG_CXX_LANGUAGE_STANDARD = "gnu++20";
				CLANG_ENABLE_MODULES = YES;
				CLANG_ENABLE_OBJC_ARC = YES;
				CLANG_ENABLE_OBJC_WEAK = YES;
				CLANG_WARN_BLOCK_CAPTURE_AUTORELEASING = YES;
				CLANG_WARN_BOOL_CONVERSION = YES;
				CLANG_WARN_COMMA = YES;
				CLANG_WARN_CONSTANT_CONVERSION = YES;
				CLANG_WARN_DEPRECATED_OBJC_IMPLEMENTATIONS = YES;
				CLANG_WARN_DIRECT_OBJC_ISA_USAGE = YES_ERROR;
				CLANG_WARN_DOCUMENTATION_COMMENTS = YES;
				CLANG_WARN_EMPTY_BODY = YES;
				CLANG_WARN_ENUM_CONVERSION = YES;
				CLANG_WARN_INFINITE_RECURSION = YES;
				CLANG_WARN_INT_CONVERSION = YES;
				CLANG_WARN_NON_LITERAL_NULL_CONVERSION = YES;
				CLANG_WARN_OBJC_IMPLICIT_RETAIN_SELF = YES;
				CLANG_WARN_OBJC_LITERAL_CONVERSION = YES;
				CLANG_WARN_OBJC_ROOT_CLASS = YES_ERROR;
				CLANG_WARN_QUOTED_INCLUDE_IN_FRAMEWORK_HEADER = YES;
				CLANG_WARN_RANGE_LOOP_ANALYSIS = YES;
				CLANG_WARN_STRICT_PROTOTYPES = YES;
				CLANG_WARN_SUSPICIOUS_MOVE = YES;
				CLANG_WARN_UNGUARDED_AVAILABILITY = YES_AGGRESSIVE;
				CLANG_WARN_UNREACHABLE_CODE = YES;
				CLANG_WARN__DUPLICATE_METHOD_MATCH = YES;
				COPY_PHASE_STRIP = NO;
				DEBUG_INFORMATION_FORMAT = "dwarf-with-dsym";
				ENABLE_NS_ASSERTIONS = NO;
				ENABLE_STRICT_OBJC_MSGSEND = YES;
				ENABLE_USER_SCRIPT_SANDBOXING = YES;
				GCC_C_LANGUAGE_STANDARD = gnu17;
				GCC_NO_COMMON_BLOCKS = YES;
				GCC_WARN_64_TO_32_BIT_CONVERSION = YES;
				GCC_WARN_ABOUT_RETURN_TYPE = YES_ERROR;
				GCC_WARN_UNDECLARED_SELECTOR = YES;
				GCC_WARN_UNINITIALIZED_AUTOS = YES_AGGRESSIVE;
				GCC_WARN_UNUSED_FUNCTION = YES;
				GCC_WARN_UNUSED_VARIABLE = YES;
				IPHONEOS_DEPLOYMENT_TARGET = 18.0;
				LOCALIZATION_PREFERS_STRING_CATALOGS = YES;
				MTL_ENABLE_DEBUG_INFO = NO;
				MTL_FAST_MATH = YES;
				SDKROOT = iphoneos;
				SWIFT_COMPILATION_MODE = wholemodule;
				VALIDATE_PRODUCT = YES;
			};
			name = Release;
		};
		6DDE13C02CB84D5D005F491C /* Debug */ = {
			isa = XCBuildConfiguration;
			buildSettings = {
				BUNDLE_LOADER = "$(TEST_HOST)";
				CODE_SIGN_STYLE = Automatic;
				CURRENT_PROJECT_VERSION = 1;
				DEVELOPMENT_TEAM = PF2L3XS4YA;
				GENERATE_INFOPLIST_FILE = YES;
				IPHONEOS_DEPLOYMENT_TARGET = 18.0;
				MARKETING_VERSION = 1.0;
				PRODUCT_BUNDLE_IDENTIFIER = cz.emistr.eMobileiOSTests;
				PRODUCT_NAME = "$(TARGET_NAME)";
				SWIFT_EMIT_LOC_STRINGS = NO;
				SWIFT_VERSION = 5.0;
				TARGETED_DEVICE_FAMILY = "1,2";
				TEST_HOST = "$(BUILT_PRODUCTS_DIR)/eMobileiOS.app/$(BUNDLE_EXECUTABLE_FOLDER_PATH)/eMobileiOS";
			};
			name = Debug;
		};
		6DDE13C12CB84D5D005F491C /* Release */ = {
			isa = XCBuildConfiguration;
			buildSettings = {
				BUNDLE_LOADER = "$(TEST_HOST)";
				CODE_SIGN_STYLE = Automatic;
				CURRENT_PROJECT_VERSION = 1;
				DEVELOPMENT_TEAM = PF2L3XS4YA;
				GENERATE_INFOPLIST_FILE = YES;
				IPHONEOS_DEPLOYMENT_TARGET = 18.0;
				MARKETING_VERSION = 1.0;
				PRODUCT_BUNDLE_IDENTIFIER = cz.emistr.eMobileiOSTests;
				PRODUCT_NAME = "$(TARGET_NAME)";
				SWIFT_EMIT_LOC_STRINGS = NO;
				SWIFT_VERSION = 5.0;
				TARGETED_DEVICE_FAMILY = "1,2";
				TEST_HOST = "$(BUILT_PRODUCTS_DIR)/eMobileiOS.app/$(BUNDLE_EXECUTABLE_FOLDER_PATH)/eMobileiOS";
			};
			name = Release;
		};
		6DDE13C32CB84D5D005F491C /* Debug */ = {
			isa = XCBuildConfiguration;
			buildSettings = {
				CODE_SIGN_STYLE = Automatic;
				CURRENT_PROJECT_VERSION = 1;
				DEVELOPMENT_TEAM = PF2L3XS4YA;
				GENERATE_INFOPLIST_FILE = YES;
				MARKETING_VERSION = 1.0;
				PRODUCT_BUNDLE_IDENTIFIER = cz.emistr.eMobileiOSUITests;
				PRODUCT_NAME = "$(TARGET_NAME)";
				SWIFT_EMIT_LOC_STRINGS = NO;
				SWIFT_VERSION = 5.0;
				TARGETED_DEVICE_FAMILY = "1,2";
				TEST_TARGET_NAME = eMobileiOS;
			};
			name = Debug;
		};
		6DDE13C42CB84D5D005F491C /* Release */ = {
			isa = XCBuildConfiguration;
			buildSettings = {
				CODE_SIGN_STYLE = Automatic;
				CURRENT_PROJECT_VERSION = 1;
				DEVELOPMENT_TEAM = PF2L3XS4YA;
				GENERATE_INFOPLIST_FILE = YES;
				MARKETING_VERSION = 1.0;
				PRODUCT_BUNDLE_IDENTIFIER = cz.emistr.eMobileiOSUITests;
				PRODUCT_NAME = "$(TARGET_NAME)";
				SWIFT_EMIT_LOC_STRINGS = NO;
				SWIFT_VERSION = 5.0;
				TARGETED_DEVICE_FAMILY = "1,2";
				TEST_TARGET_NAME = eMobileiOS;
			};
			name = Release;
		};
/* End XCBuildConfiguration section */

/* Begin XCConfigurationList section */
		6DDE138C2CB84D5B005F491C /* Build configuration list for PBXProject "eMobileiOS" */ = {
			isa = XCConfigurationList;
			buildConfigurations = (
				6DDE13BD2CB84D5D005F491C /* Debug */,
				6DDE13BE2CB84D5D005F491C /* Release */,
			);
			defaultConfigurationIsVisible = 0;
			defaultConfigurationName = Release;
		};
		6DDE13BA2CB84D5D005F491C /* Build configuration list for PBXNativeTarget "eMobileiOS" */ = {
			isa = XCConfigurationList;
			buildConfigurations = (
				6DDE13BB2CB84D5D005F491C /* Debug */,
				6DDE13BC2CB84D5D005F491C /* Release */,
			);
			defaultConfigurationIsVisible = 0;
			defaultConfigurationName = Release;
		};
		6DDE13BF2CB84D5D005F491C /* Build configuration list for PBXNativeTarget "eMobileiOSTests" */ = {
			isa = XCConfigurationList;
			buildConfigurations = (
				6DDE13C02CB84D5D005F491C /* Debug */,
				6DDE13C12CB84D5D005F491C /* Release */,
			);
			defaultConfigurationIsVisible = 0;
			defaultConfigurationName = Release;
		};
		6DDE13C22CB84D5D005F491C /* Build configuration list for PBXNativeTarget "eMobileiOSUITests" */ = {
			isa = XCConfigurationList;
			buildConfigurations = (
				6DDE13C32CB84D5D005F491C /* Debug */,
				6DDE13C42CB84D5D005F491C /* Release */,
			);
			defaultConfigurationIsVisible = 0;
			defaultConfigurationName = Release;
		};
/* End XCConfigurationList section */
	};
	rootObject = 6DDE13892CB84D5B005F491C /* Project object */;
}
